github.com/TutorialEdge/realtime-chat-go-react v0.0.0-20190507120001-b0798364f983 h1:1vcPUd0PRJtnnshEVJm23w2lBW+NDJQubq3uBEwiPrg=
github.com/gorilla/websocket v1.4.1 h1:q7AeDBpnBk8AogcD4DSag/Ukw/KV+YhzLj2bP5HvKCM=
github.com/gorilla/websocket v1.4.1/go.mod h1:YR8l580nyteQvAITg2hZ9XVh4b55+EU/adAjf1fMHhE=
